# THIS IS AN AUTOGENERATED FILE. DO NOT EDIT THIS FILE DIRECTLY.
# yarn lockfile v1


"@ant-design/colors@^3.1.0":
  version "3.2.2"
  resolved "https://registry.npm.taobao.org/@ant-design/colors/download/@ant-design/colors-3.2.2.tgz#5ad43d619e911f3488ebac303d606e66a8423903"
  integrity sha1-WtQ9YZ6RHzSI66wwPWBuZqhCOQM=
  dependencies:
    tinycolor2 "^1.4.1"

"@ant-design/css-animation@^1.7.2":
  version "1.7.2"
  resolved "https://registry.npm.taobao.org/@ant-design/css-animation/download/@ant-design/css-animation-1.7.2.tgz?cache=0&sync_timestamp=1588844267885&other_urls=https%3A%2F%2Fregistry.npm.taobao.org%2F%40ant-design%2Fcss-animation%2Fdownload%2F%40ant-design%2Fcss-animation-1.7.2.tgz#4ee5d2ec0fb7cc0a78b44e1c82628bd4621ac7e3"
  integrity sha1-TuXS7A+3zAp4tE4cgmKL1GIax+M=

"@ant-design/icons-svg@^4.0.0":
  version "4.1.0"
  resolved "https://registry.npm.taobao.org/@ant-design/icons-svg/download/@ant-design/icons-svg-4.1.0.tgz#480b025f4b20ef7fe8f47d4a4846e4fee84ea06c"
  integrity sha1-SAsCX0sg73/o9H1KSEbk/uhOoGw=

"@ant-design/icons@^4.1.0":
  version "4.1.0"
  resolved "https://registry.npm.taobao.org/@ant-design/icons/download/@ant-design/icons-4.1.0.tgz?cache=0&other_urls=https%3A%2F%2Fregistry.npm.taobao.org%2F%40ant-design%2Ficons%2Fdownload%2F%40ant-design%2Ficons-4.1.0.tgz#444edcc3822d5b43b2b038d6f893cd7f7dfcc48d"
  integrity sha1-RE7cw4ItW0OysDjW+JPNf338xI0=
  dependencies:
    "@ant-design/colors" "^3.1.0"
    "@ant-design/icons-svg" "^4.0.0"
    classnames "^2.2.6"
    insert-css "^2.0.0"
    rc-util "^4.9.0"

"@ant-design/react-slick@~0.26.1":
  version "0.26.1"
  resolved "https://registry.npm.taobao.org/@ant-design/react-slick/download/@ant-design/react-slick-0.26.1.tgz#1462ad1342a83af51b7ea4ee0ae1d76d91d1b3d3"
  integrity sha1-FGKtE0KoOvUbfqTuCuHXbZHRs9M=
  dependencies:
    classnames "^2.2.5"
    json2mq "^0.2.0"
    lodash "^4.17.15"
    resize-observer-polyfill "^1.5.0"

"@babel/runtime@^7.8.4":
  version "7.9.6"
  resolved "https://registry.npm.taobao.org/@babel/runtime/download/@babel/runtime-7.9.6.tgz?cache=0&sync_timestamp=1588185905751&other_urls=https%3A%2F%2Fregistry.npm.taobao.org%2F%40babel%2Fruntime%2Fdownload%2F%40babel%2Fruntime-7.9.6.tgz#a9102eb5cadedf3f31d08a9ecf294af7827ea29f"
  integrity sha1-qRAutcre3z8x0IqezylK94J+op8=
  dependencies:
    regenerator-runtime "^0.13.4"

add-dom-event-listener@^1.1.0:
  version "1.1.0"
  resolved "https://registry.npm.taobao.org/add-dom-event-listener/download/add-dom-event-listener-1.1.0.tgz#6a92db3a0dd0abc254e095c0f1dc14acbbaae310"
  integrity sha1-apLbOg3Qq8JU4JXA8dwUrLuq4xA=
  dependencies:
    object-assign "4.x"

antd@^4.2.4:
  version "4.2.4"
  resolved "https://registry.npm.taobao.org/antd/download/antd-4.2.4.tgz?cache=0&sync_timestamp=1589814926882&other_urls=https%3A%2F%2Fregistry.npm.taobao.org%2Fantd%2Fdownload%2Fantd-4.2.4.tgz#0a75e178643858960189912b8fe48bf7e8f6abf8"
  integrity sha1-CnXheGQ4WJYBiZErj+SL9+j2q/g=
  dependencies:
    "@ant-design/css-animation" "^1.7.2"
    "@ant-design/icons" "^4.1.0"
    "@ant-design/react-slick" "~0.26.1"
    array-tree-filter "^2.1.0"
    classnames "~2.2.6"
    copy-to-clipboard "^3.2.0"
    lodash "^4.17.13"
    moment "~2.25.3"
    omit.js "^1.0.2"
    prop-types "^15.7.2"
    raf "^3.4.1"
    rc-animate "~3.0.0"
    rc-cascader "~1.0.0"
    rc-checkbox "~2.2.0"
    rc-collapse "~2.0.0"
    rc-dialog "~7.7.0"
    rc-drawer "~3.2.0"
    rc-dropdown "~3.0.0"
    rc-field-form "~1.2.0"
    rc-input-number "~4.6.1"
    rc-mentions "~1.1.0"
    rc-menu "~8.1.0"
    rc-notification "~4.3.0"
    rc-pagination "~2.2.0"
    rc-picker "~1.4.16"
    rc-progress "~3.0.0"
    rc-rate "~2.6.0"
    rc-resize-observer "^0.2.0"
    rc-select "~10.3.0"
    rc-slider "~9.2.3"
    rc-steps "~3.6.0"
    rc-switch "~3.0.0"
    rc-table "~7.5.3"
    rc-tabs "~10.1.1"
    rc-tooltip "~4.0.2"
    rc-tree "~3.2.0"
    rc-tree-select "~3.1.0"
    rc-trigger "~4.1.0"
    rc-upload "~3.0.4"
    rc-util "^4.20.0"
    rc-virtual-list "^1.1.0"
    resize-observer-polyfill "^1.5.1"
    scroll-into-view-if-needed "^2.2.20"
    warning "~4.0.3"

array-tree-filter@^2.1.0:
  version "2.1.0"
  resolved "https://registry.npm.taobao.org/array-tree-filter/download/array-tree-filter-2.1.0.tgz#873ac00fec83749f255ac8dd083814b4f6329190"
  integrity sha1-hzrAD+yDdJ8lWsjdCDgUtPYykZA=

async-validator@^3.0.3:
  version "3.3.0"
  resolved "https://registry.npm.taobao.org/async-validator/download/async-validator-3.3.0.tgz#1d92193bbe60d6d6c8b246692c7005e9ed14a8ee"
  integrity sha1-HZIZO75g1tbIskZpLHAF6e0UqO4=

babel-runtime@6.x, babel-runtime@^6.23.0, babel-runtime@^6.26.0:
  version "6.26.0"
  resolved "https://registry.npm.taobao.org/babel-runtime/download/babel-runtime-6.26.0.tgz#965c7058668e82b55d7bfe04ff2337bc8b5647fe"
  integrity sha1-llxwWGaOgrVde/4E/yM3vItWR/4=
  dependencies:
    core-js "^2.4.0"
    regenerator-runtime "^0.11.0"

classnames@2.x, classnames@^2.2.0, classnames@^2.2.1, classnames@^2.2.3, classnames@^2.2.5, classnames@^2.2.6, classnames@~2.2.6:
  version "2.2.6"
  resolved "https://registry.npm.taobao.org/classnames/download/classnames-2.2.6.tgz#43935bffdd291f326dad0a205309b38d00f650ce"
  integrity sha1-Q5Nb/90pHzJtrQogUwmzjQD2UM4=

compute-scroll-into-view@^1.0.13:
  version "1.0.13"
  resolved "https://registry.npm.taobao.org/compute-scroll-into-view/download/compute-scroll-into-view-1.0.13.tgz#be1b1663b0e3f56cd5f7713082549f562a3477e2"
  integrity sha1-vhsWY7Dj9WzV93EwglSfVio0d+I=

copy-to-clipboard@^3.2.0:
  version "3.3.1"
  resolved "https://registry.npm.taobao.org/copy-to-clipboard/download/copy-to-clipboard-3.3.1.tgz?cache=0&other_urls=https%3A%2F%2Fregistry.npm.taobao.org%2Fcopy-to-clipboard%2Fdownload%2Fcopy-to-clipboard-3.3.1.tgz#115aa1a9998ffab6196f93076ad6da3b913662ae"
  integrity sha1-EVqhqZmP+rYZb5MHatbaO5E2Yq4=
  dependencies:
    toggle-selection "^1.0.6"

core-js@^2.4.0:
  version "2.6.11"
  resolved "https://registry.npm.taobao.org/core-js/download/core-js-2.6.11.tgz?cache=0&sync_timestamp=1586450269267&other_urls=https%3A%2F%2Fregistry.npm.taobao.org%2Fcore-js%2Fdownload%2Fcore-js-2.6.11.tgz#38831469f9922bded8ee21c9dc46985e0399308c"
  integrity sha1-OIMUafmSK97Y7iHJ3EaYXgOZMIw=

dom-align@^1.7.0:
  version "1.12.0"
  resolved "https://registry.npm.taobao.org/dom-align/download/dom-align-1.12.0.tgz?cache=0&sync_timestamp=1589856012710&other_urls=https%3A%2F%2Fregistry.npm.taobao.org%2Fdom-align%2Fdownload%2Fdom-align-1.12.0.tgz#56fb7156df0b91099830364d2d48f88963f5a29c"
  integrity sha1-VvtxVt8LkQmYMDZNLUj4iWP1opw=

hammerjs@^2.0.8:
  version "2.0.8"
  resolved "https://registry.npm.taobao.org/hammerjs/download/hammerjs-2.0.8.tgz#04ef77862cff2bb79d30f7692095930222bf60f1"
  integrity sha1-BO93hiz/K7edMPdpIJWTAiK/YPE=

hoist-non-react-statics@^3.3.2:
  version "3.3.2"
  resolved "https://registry.npm.taobao.org/hoist-non-react-statics/download/hoist-non-react-statics-3.3.2.tgz#ece0acaf71d62c2969c2ec59feff42a4b1a85b45"
  integrity sha1-7OCsr3HWLClpwuxZ/v9CpLGoW0U=
  dependencies:
    react-is "^16.7.0"

insert-css@^2.0.0:
  version "2.0.0"
  resolved "https://registry.npm.taobao.org/insert-css/download/insert-css-2.0.0.tgz#eb5d1097b7542f4c79ea3060d3aee07d053880f4"
  integrity sha1-610Ql7dUL0x56jBg067gfQU4gPQ=

"js-tokens@^3.0.0 || ^4.0.0":
  version "4.0.0"
  resolved "https://registry.npm.taobao.org/js-tokens/download/js-tokens-4.0.0.tgz?cache=0&sync_timestamp=1586796260005&other_urls=https%3A%2F%2Fregistry.npm.taobao.org%2Fjs-tokens%2Fdownload%2Fjs-tokens-4.0.0.tgz#19203fb59991df98e3a287050d4647cdeaf32499"
  integrity sha1-GSA/tZmR35jjoocFDUZHzerzJJk=

json2mq@^0.2.0:
  version "0.2.0"
  resolved "https://registry.npm.taobao.org/json2mq/download/json2mq-0.2.0.tgz#b637bd3ba9eabe122c83e9720483aeb10d2c904a"
  integrity sha1-tje9O6nqvhIsg+lyBIOusQ0skEo=
  dependencies:
    string-convert "^0.2.0"

lodash@^4.17.13, lodash@^4.17.15, lodash@^4.17.5:
  version "4.17.21"
  resolved "https://registry.yarnpkg.com/lodash/-/lodash-4.17.21.tgz#679591c564c3bffaae8454cf0b3df370c3d6911c"
  integrity sha512-v2kDEe57lecTulaDIuNTPy3Ry4gLGJ6Z1O3vE1krgXZNrsQ+LFTGHVxVjcXPs17LhbZVGedAJv8XZ1tvj5FvSg==

loose-envify@^1.0.0, loose-envify@^1.4.0:
  version "1.4.0"
  resolved "https://registry.npm.taobao.org/loose-envify/download/loose-envify-1.4.0.tgz#71ee51fa7be4caec1a63839f7e682d8132d30caf"
  integrity sha1-ce5R+nvkyuwaY4OffmgtgTLTDK8=
  dependencies:
    js-tokens "^3.0.0 || ^4.0.0"

mini-store@^3.0.1:
  version "3.0.3"
  resolved "https://registry.npm.taobao.org/mini-store/download/mini-store-3.0.3.tgz?cache=0&sync_timestamp=1588752005747&other_urls=https%3A%2F%2Fregistry.npm.taobao.org%2Fmini-store%2Fdownload%2Fmini-store-3.0.3.tgz#3024b2baff96d54d426fbcf5db2c993291bf836f"
  integrity sha1-MCSyuv+W1U1Cb7z12yyZMpG/g28=
  dependencies:
    hoist-non-react-statics "^3.3.2"
    prop-types "^15.6.0"
    shallowequal "^1.0.2"

moment@^2.24.0, moment@~2.25.3:
  version "2.25.3"
  resolved "https://registry.npm.taobao.org/moment/download/moment-2.25.3.tgz?cache=0&sync_timestamp=1588605303253&other_urls=https%3A%2F%2Fregistry.npm.taobao.org%2Fmoment%2Fdownload%2Fmoment-2.25.3.tgz#252ff41319cf41e47761a1a88cab30edfe9808c0"
  integrity sha1-JS/0ExnPQeR3YaGojKsw7f6YCMA=

object-assign@4.x, object-assign@^4.1.1:
  version "4.1.1"
  resolved "https://registry.npm.taobao.org/object-assign/download/object-assign-4.1.1.tgz?cache=0&sync_timestamp=1571657171505&other_urls=https%3A%2F%2Fregistry.npm.taobao.org%2Fobject-assign%2Fdownload%2Fobject-assign-4.1.1.tgz#2109adc7965887cfc05cbbd442cac8bfbb360863"
  integrity sha1-IQmtx5ZYh8/AXLvUQsrIv7s2CGM=

omit.js@^1.0.2:
  version "1.0.2"
  resolved "https://registry.npm.taobao.org/omit.js/download/omit.js-1.0.2.tgz#91a14f0eba84066dfa015bf30e474c47f30bc858"
  integrity sha1-kaFPDrqEBm36AVvzDkdMR/MLyFg=
  dependencies:
    babel-runtime "^6.23.0"

performance-now@^2.1.0:
  version "2.1.0"
  resolved "https://registry.npm.taobao.org/performance-now/download/performance-now-2.1.0.tgz#6309f4e0e5fa913ec1c69307ae364b4b377c9e7b"
  integrity sha1-Ywn04OX6kT7BxpMHrjZLSzd8nns=

prop-types@^15.5.10, prop-types@^15.5.9, prop-types@^15.6.0, prop-types@^15.7.2:
  version "15.7.2"
  resolved "https://registry.npm.taobao.org/prop-types/download/prop-types-15.7.2.tgz#52c41e75b8c87e72b9d9360e0206b99dcbffa6c5"
  integrity sha1-UsQedbjIfnK52TYOAga5ncv/psU=
  dependencies:
    loose-envify "^1.4.0"
    object-assign "^4.1.1"
    react-is "^16.8.1"

raf@^3.4.0, raf@^3.4.1:
  version "3.4.1"
  resolved "https://registry.npm.taobao.org/raf/download/raf-3.4.1.tgz?cache=0&sync_timestamp=1571657586987&other_urls=https%3A%2F%2Fregistry.npm.taobao.org%2Fraf%2Fdownload%2Fraf-3.4.1.tgz#0742e99a4a6552f445d73e3ee0328af0ff1ede39"
  integrity sha1-B0LpmkplUvRF1z4+4DKK8P8e3jk=
  dependencies:
    performance-now "^2.1.0"

rc-align@^3.0.0, rc-align@^3.0.0-rc.0:
  version "3.0.0"
  resolved "https://registry.npm.taobao.org/rc-align/download/rc-align-3.0.0.tgz#5b0510aaa12dfef7b8d79877d39e43de5ef831bc"
  integrity sha1-WwUQqqEt/ve415h3055D3l74Mbw=
  dependencies:
    classnames "2.x"
    dom-align "^1.7.0"
    rc-util "^4.12.0"
    resize-observer-polyfill "^1.5.1"

rc-animate@3.x, rc-animate@^3.0.0, rc-animate@~3.0.0:
  version "3.0.0"
  resolved "https://registry.npm.taobao.org/rc-animate/download/rc-animate-3.0.0.tgz?cache=0&sync_timestamp=1588844277797&other_urls=https%3A%2F%2Fregistry.npm.taobao.org%2Frc-animate%2Fdownload%2Frc-animate-3.0.0.tgz#f76d7051136b7d650fb3d29366a160e95a369c0a"
  integrity sha1-921wURNrfWUPs9KTZqFg6Vo2nAo=
  dependencies:
    "@ant-design/css-animation" "^1.7.2"
    classnames "^2.2.6"
    raf "^3.4.0"
    rc-util "^4.15.3"

rc-cascader@~1.0.0:
  version "1.0.1"
  resolved "https://registry.npm.taobao.org/rc-cascader/download/rc-cascader-1.0.1.tgz?cache=0&sync_timestamp=1589720961833&other_urls=https%3A%2F%2Fregistry.npm.taobao.org%2Frc-cascader%2Fdownload%2Frc-cascader-1.0.1.tgz#770de1e1fa7bd559aabd4d59e525819b8bc809b7"
  integrity sha1-dw3h4fp71VmqvU1Z5SWBm4vICbc=
  dependencies:
    array-tree-filter "^2.1.0"
    rc-trigger "^4.0.0"
    rc-util "^4.0.4"
    warning "^4.0.1"

rc-checkbox@~2.2.0:
  version "2.2.0"
  resolved "https://registry.npm.taobao.org/rc-checkbox/download/rc-checkbox-2.2.0.tgz#a0ce95c34f05e0eb882664174518cd4baa36dce9"
  integrity sha1-oM6Vw08F4OuIJmQXRRjNS6o23Ok=
  dependencies:
    babel-runtime "^6.23.0"
    classnames "2.x"

rc-collapse@~2.0.0:
  version "2.0.0"
  resolved "https://registry.npm.taobao.org/rc-collapse/download/rc-collapse-2.0.0.tgz?cache=0&sync_timestamp=1588909212311&other_urls=https%3A%2F%2Fregistry.npm.taobao.org%2Frc-collapse%2Fdownload%2Frc-collapse-2.0.0.tgz#08c5942f82005b4342ced02d983581e4c41cd324"
  integrity sha1-CMWUL4IAW0NCztAtmDWB5MQc0yQ=
  dependencies:
    "@ant-design/css-animation" "^1.7.2"
    classnames "2.x"
    rc-animate "3.x"
    react-is "^16.7.0"
    shallowequal "^1.1.0"

rc-dialog@~7.7.0:
  version "7.7.0"
  resolved "https://registry.npm.taobao.org/rc-dialog/download/rc-dialog-7.7.0.tgz?cache=0&sync_timestamp=1588907278803&other_urls=https%3A%2F%2Fregistry.npm.taobao.org%2Frc-dialog%2Fdownload%2Frc-dialog-7.7.0.tgz#c5ca3e04fe8f8b9358505231db0862aa2dfb0e85"
  integrity sha1-xco+BP6Pi5NYUFIx2whiqi37DoU=
  dependencies:
    babel-runtime "6.x"
    rc-animate "3.x"
    rc-util "^4.16.1"

rc-drawer@~3.2.0:
  version "3.2.0"
  resolved "https://registry.npm.taobao.org/rc-drawer/download/rc-drawer-3.2.0.tgz#6d9bba2fb1647942840dad61f36b9c88b753f565"
  integrity sha1-bZu6L7FkeUKEDa1h82uciLdT9WU=
  dependencies:
    classnames "^2.2.6"
    rc-util "^4.16.1"

rc-dropdown@~3.0.0:
  version "3.0.2"
  resolved "https://registry.npm.taobao.org/rc-dropdown/download/rc-dropdown-3.0.2.tgz?cache=0&sync_timestamp=1588605182633&other_urls=https%3A%2F%2Fregistry.npm.taobao.org%2Frc-dropdown%2Fdownload%2Frc-dropdown-3.0.2.tgz#e486b67f5e8e8b9e326426d5a80254621453d66a"
  integrity sha1-5Ia2f16Oi54yZCbVqAJUYhRT1mo=
  dependencies:
    babel-runtime "^6.26.0"
    classnames "^2.2.6"
    rc-trigger "^4.0.0"

rc-field-form@~1.2.0:
  version "1.2.4"
  resolved "https://registry.npm.taobao.org/rc-field-form/download/rc-field-form-1.2.4.tgz?cache=0&sync_timestamp=1589035914552&other_urls=https%3A%2F%2Fregistry.npm.taobao.org%2Frc-field-form%2Fdownload%2Frc-field-form-1.2.4.tgz#2634f03ddd340eea81db154e9e891e378a38ce5d"
  integrity sha1-JjTwPd00DuqB2xVOnokeN4o4zl0=
  dependencies:
    "@babel/runtime" "^7.8.4"
    async-validator "^3.0.3"
    rc-util "^4.20.3"

rc-hammerjs@~0.6.0:
  version "0.6.9"
  resolved "https://registry.npm.taobao.org/rc-hammerjs/download/rc-hammerjs-0.6.9.tgz#9a4ddbda1b2ec8f9b9596091a6a989842a243907"
  integrity sha1-mk3b2hsuyPm5WWCRpqmJhCokOQc=
  dependencies:
    babel-runtime "6.x"
    hammerjs "^2.0.8"
    prop-types "^15.5.9"

rc-input-number@~4.6.1:
  version "4.6.1"
  resolved "https://registry.npm.taobao.org/rc-input-number/download/rc-input-number-4.6.1.tgz?cache=0&sync_timestamp=1588134483298&other_urls=https%3A%2F%2Fregistry.npm.taobao.org%2Frc-input-number%2Fdownload%2Frc-input-number-4.6.1.tgz#2216d644c78857cc18411f0d3b6c14dba9a0ce7f"
  integrity sha1-IhbWRMeIV8wYQR8NO2wU26mgzn8=
  dependencies:
    babel-runtime "6.x"
    classnames "^2.2.0"
    rc-util "^4.5.1"

rc-mentions@~1.1.0:
  version "1.1.0"
  resolved "https://registry.npm.taobao.org/rc-mentions/download/rc-mentions-1.1.0.tgz?cache=0&sync_timestamp=1586401354443&other_urls=https%3A%2F%2Fregistry.npm.taobao.org%2Frc-mentions%2Fdownload%2Frc-mentions-1.1.0.tgz#fa4994b94eee03e5254a0a600839ed19e1f9f0e9"
  integrity sha1-+kmUuU7uA+UlSgpgCDntGeH58Ok=
  dependencies:
    classnames "^2.2.6"
    rc-menu "^8.0.1"
    rc-trigger "^4.0.0"
    rc-util "^4.6.0"

rc-menu@^8.0.1:
  version "8.2.1"
  resolved "https://registry.npm.taobao.org/rc-menu/download/rc-menu-8.2.1.tgz#132f26f61b05e5f85d7977dd3cdde6ec23335ce7"
  integrity sha1-Ey8m9hsF5fhdeXfdPN3m7CMzXOc=
  dependencies:
    classnames "2.x"
    mini-store "^3.0.1"
    rc-animate "^3.0.0"
    rc-trigger "^4.0.0"
    rc-util "^4.13.0"
    resize-observer-polyfill "^1.5.0"
    shallowequal "^1.1.0"

rc-menu@~8.1.0:
  version "8.1.0"
  resolved "https://registry.npm.taobao.org/rc-menu/download/rc-menu-8.1.0.tgz#7817f7699b7b2932e70bde8028c285c7a3076791"
  integrity sha1-eBf3aZt7KTLnC96AKMKFx6MHZ5E=
  dependencies:
    classnames "2.x"
    mini-store "^3.0.1"
    rc-animate "^3.0.0"
    rc-trigger "^4.0.0"
    rc-util "^4.13.0"
    resize-observer-polyfill "^1.5.0"
    scroll-into-view-if-needed "^2.2.20"
    shallowequal "^1.1.0"

rc-notification@~4.3.0:
  version "4.3.2"
  resolved "https://registry.npm.taobao.org/rc-notification/download/rc-notification-4.3.2.tgz?cache=0&other_urls=https%3A%2F%2Fregistry.npm.taobao.org%2Frc-notification%2Fdownload%2Frc-notification-4.3.2.tgz#94d2a46d6797b5f0a4a852e2f991187f3885b9e5"
  integrity sha1-lNKkbWeXtfCkqFLi+ZEYfziFueU=
  dependencies:
    classnames "2.x"
    rc-animate "3.x"
    rc-util "^4.0.4"

rc-pagination@~2.2.0:
  version "2.2.1"
  resolved "https://registry.npm.taobao.org/rc-pagination/download/rc-pagination-2.2.1.tgz#e4325a7177ad547cd2ae2d3c15020f723b5527ed"
  integrity sha1-5DJacXetVHzSri08FQIPcjtVJ+0=
  dependencies:
    classnames "^2.2.1"

rc-picker@~1.4.16:
  version "1.4.16"
  resolved "https://registry.npm.taobao.org/rc-picker/download/rc-picker-1.4.16.tgz?cache=0&sync_timestamp=1589862304356&other_urls=https%3A%2F%2Fregistry.npm.taobao.org%2Frc-picker%2Fdownload%2Frc-picker-1.4.16.tgz#50b6bde3d237cc327917353d21e3bb9ce004ee5c"
  integrity sha1-ULa949I3zDJ5FzU9IeO7nOAE7lw=
  dependencies:
    classnames "^2.2.1"
    moment "^2.24.0"
    rc-trigger "^4.0.0"
    rc-util "^4.17.0"
    shallowequal "^1.1.0"

rc-progress@~3.0.0:
  version "3.0.0"
  resolved "https://registry.npm.taobao.org/rc-progress/download/rc-progress-3.0.0.tgz#cea324ce8fc31421cd815d94a4649a8a29f8f8db"
  integrity sha1-zqMkzo/DFCHNgV2UpGSaiin4+Ns=
  dependencies:
    classnames "^2.2.6"

rc-rate@~2.6.0:
  version "2.6.0"
  resolved "https://registry.npm.taobao.org/rc-rate/download/rc-rate-2.6.0.tgz#3990f1b0c7f0da91465c12af3612c03dd836703d"
  integrity sha1-OZDxsMfw2pFGXBKvNhLAPdg2cD0=
  dependencies:
    classnames "^2.2.5"
    rc-util "^4.20.1"

rc-resize-observer@^0.2.0:
  version "0.2.1"
  resolved "https://registry.npm.taobao.org/rc-resize-observer/download/rc-resize-observer-0.2.1.tgz#4610acb8a0f2a84b5e8d45664964ac32b5d3df72"
  integrity sha1-RhCsuKDyqEtejUVmSWSsMrXT33I=
  dependencies:
    classnames "^2.2.1"
    rc-util "^4.14.0"
    resize-observer-polyfill "^1.5.1"

rc-select@^10.1.0, rc-select@~10.3.0:
  version "10.3.2"
  resolved "https://registry.npm.taobao.org/rc-select/download/rc-select-10.3.2.tgz?cache=0&sync_timestamp=1589252109677&other_urls=https%3A%2F%2Fregistry.npm.taobao.org%2Frc-select%2Fdownload%2Frc-select-10.3.2.tgz#c3dd7d101e39b6815ff66c6fccf5cdae80437b40"
  integrity sha1-w919EB45toFf9mxvzPXNroBDe0A=
  dependencies:
    classnames "2.x"
    rc-animate "^3.0.0"
    rc-trigger "^4.0.0"
    rc-util "^4.20.0"
    rc-virtual-list "^1.1.2"
    warning "^4.0.3"

rc-slider@~9.2.3:
  version "9.2.4"
  resolved "https://registry.npm.taobao.org/rc-slider/download/rc-slider-9.2.4.tgz#92e2b58c53def9921ae0fc2822727ab5785b9ed0"
  integrity sha1-kuK1jFPe+ZIa4PwoInJ6tXhbntA=
  dependencies:
    babel-runtime "6.x"
    classnames "^2.2.5"
    rc-tooltip "^4.0.0"
    rc-util "^4.0.4"
    shallowequal "^1.1.0"
    warning "^4.0.3"

rc-steps@~3.6.0:
  version "3.6.0"
  resolved "https://registry.npm.taobao.org/rc-steps/download/rc-steps-3.6.0.tgz?cache=0&sync_timestamp=1589000533166&other_urls=https%3A%2F%2Fregistry.npm.taobao.org%2Frc-steps%2Fdownload%2Frc-steps-3.6.0.tgz#5a377f6a0a7eacd3152bb96bdf425b654b4a552e"
  integrity sha1-Wjd/agp+rNMVK7lr30JbZUtKVS4=
  dependencies:
    classnames "^2.2.3"
    lodash "^4.17.5"

rc-switch@~3.0.0:
  version "3.0.1"
  resolved "https://registry.npm.taobao.org/rc-switch/download/rc-switch-3.0.1.tgz#6729a022ca968ddcb3d7b5d3ef3865869db03558"
  integrity sha1-ZymgIsqWjdyz17XT7zhlhp2wNVg=
  dependencies:
    classnames "^2.2.1"

rc-table@~7.5.3:
  version "7.5.9"
  resolved "https://registry.npm.taobao.org/rc-table/download/rc-table-7.5.9.tgz#5d3d19c06e8e5760922dd91f0507a76f469af952"
  integrity sha1-XT0ZwG6OV2CSLdkfBQenb0aa+VI=
  dependencies:
    classnames "^2.2.5"
    raf "^3.4.1"
    rc-resize-observer "^0.2.0"
    rc-util "^4.20.1"
    shallowequal "^1.1.0"

rc-tabs@~10.1.1:
  version "10.1.1"
  resolved "https://registry.npm.taobao.org/rc-tabs/download/rc-tabs-10.1.1.tgz#847d8c2038842a3cb5f2e74935d0e38b85fce61e"
  integrity sha1-hH2MIDiEKjy18udJNdDji4X85h4=
  dependencies:
    classnames "2.x"
    lodash "^4.17.5"
    rc-hammerjs "~0.6.0"
    resize-observer-polyfill "^1.5.1"
    warning "^4.0.3"

rc-tooltip@^4.0.0, rc-tooltip@~4.0.2:
  version "4.0.3"
  resolved "https://registry.npm.taobao.org/rc-tooltip/download/rc-tooltip-4.0.3.tgz?cache=0&sync_timestamp=1584326722296&other_urls=https%3A%2F%2Fregistry.npm.taobao.org%2Frc-tooltip%2Fdownload%2Frc-tooltip-4.0.3.tgz#728b760863643ec2e85827a2e7fb28d961b3b759"
  integrity sha1-cot2CGNkPsLoWCei5/so2WGzt1k=
  dependencies:
    rc-trigger "^4.0.0"

rc-tree-select@~3.1.0:
  version "3.1.3"
  resolved "https://registry.npm.taobao.org/rc-tree-select/download/rc-tree-select-3.1.3.tgz#d31efbf9955d70b250fe50645b39f3b705a3d124"
  integrity sha1-0x77+ZVdcLJQ/lBkWznztwWj0SQ=
  dependencies:
    classnames "2.x"
    rc-select "^10.1.0"
    rc-tree "^3.1.0"
    rc-util "^4.17.0"

rc-tree@^3.1.0, rc-tree@~3.2.0:
  version "3.2.2"
  resolved "https://registry.npm.taobao.org/rc-tree/download/rc-tree-3.2.2.tgz?cache=0&sync_timestamp=1589252230651&other_urls=https%3A%2F%2Fregistry.npm.taobao.org%2Frc-tree%2Fdownload%2Frc-tree-3.2.2.tgz#9822c4929570156a2170037a4faeb010cae10702"
  integrity sha1-mCLEkpVwFWohcAN6T66wEMrhBwI=
  dependencies:
    classnames "2.x"
    rc-animate "^3.0.0"
    rc-util "^4.11.0"
    rc-virtual-list "^1.1.0"

rc-trigger@^4.0.0:
  version "4.2.1"
  resolved "https://registry.npm.taobao.org/rc-trigger/download/rc-trigger-4.2.1.tgz#e30271c703d3a470fd47e75b7432102c7d0c9449"
  integrity sha1-4wJxxwPTpHD9R+dbdDIQLH0MlEk=
  dependencies:
    classnames "^2.2.6"
    raf "^3.4.1"
    rc-align "^3.0.0"
    rc-animate "^3.0.0"
    rc-util "^4.20.0"

rc-trigger@~4.1.0:
  version "4.1.0"
  resolved "https://registry.npm.taobao.org/rc-trigger/download/rc-trigger-4.1.0.tgz#6b13a41161716d6353e6324a01055efacb07cf71"
  integrity sha1-axOkEWFxbWNT5jJKAQVe+ssHz3E=
  dependencies:
    classnames "^2.2.6"
    raf "^3.4.1"
    rc-align "^3.0.0-rc.0"
    rc-animate "^3.0.0"
    rc-util "^4.20.0"

rc-upload@~3.0.4:
  version "3.0.4"
  resolved "https://registry.npm.taobao.org/rc-upload/download/rc-upload-3.0.4.tgz#5fd8ba9eefc1e466225240ae997404693d86fa09"
  integrity sha1-X9i6nu/B5GYiUkCumXQEaT2G+gk=
  dependencies:
    babel-runtime "6.x"
    classnames "^2.2.5"

rc-util@^4.0.4, rc-util@^4.11.0, rc-util@^4.12.0, rc-util@^4.13.0, rc-util@^4.14.0, rc-util@^4.15.3, rc-util@^4.16.1, rc-util@^4.17.0, rc-util@^4.20.0, rc-util@^4.20.1, rc-util@^4.20.3, rc-util@^4.5.1, rc-util@^4.6.0, rc-util@^4.8.0, rc-util@^4.9.0:
  version "4.20.5"
  resolved "https://registry.npm.taobao.org/rc-util/download/rc-util-4.20.5.tgz?cache=0&sync_timestamp=1587805768189&other_urls=https%3A%2F%2Fregistry.npm.taobao.org%2Frc-util%2Fdownload%2Frc-util-4.20.5.tgz#f7c77569e971ae6a8ad56f899cadd22275398325"
  integrity sha1-98d1aelxrmqK1W+JnK3SInU5gyU=
  dependencies:
    add-dom-event-listener "^1.1.0"
    prop-types "^15.5.10"
    react-is "^16.12.0"
    react-lifecycles-compat "^3.0.4"
    shallowequal "^1.1.0"

rc-virtual-list@^1.1.0, rc-virtual-list@^1.1.2:
  version "1.1.3"
  resolved "https://registry.npm.taobao.org/rc-virtual-list/download/rc-virtual-list-1.1.3.tgz?cache=0&sync_timestamp=1589810712712&other_urls=https%3A%2F%2Fregistry.npm.taobao.org%2Frc-virtual-list%2Fdownload%2Frc-virtual-list-1.1.3.tgz#4b59d1f727f3ba2dc4ccea21f3e92a5e023c11a0"
  integrity sha1-S1nR9yfzui3EzOoh8+kqXgI8EaA=
  dependencies:
    classnames "^2.2.6"
    raf "^3.4.1"
    rc-util "^4.8.0"

react-is@^16.12.0, react-is@^16.7.0, react-is@^16.8.1:
  version "16.13.1"
  resolved "https://registry.npm.taobao.org/react-is/download/react-is-16.13.1.tgz#789729a4dc36de2999dc156dd6c1d9c18cea56a4"
  integrity sha1-eJcppNw23imZ3BVt1sHZwYzqVqQ=

react-lifecycles-compat@^3.0.4:
  version "3.0.4"
  resolved "https://registry.npm.taobao.org/react-lifecycles-compat/download/react-lifecycles-compat-3.0.4.tgz#4f1a273afdfc8f3488a8c516bfda78f872352362"
  integrity sha1-TxonOv38jzSIqMUWv9p4+HI1I2I=

regenerator-runtime@^0.11.0:
  version "0.11.1"
  resolved "https://registry.npm.taobao.org/regenerator-runtime/download/regenerator-runtime-0.11.1.tgz?cache=0&sync_timestamp=1584052481783&other_urls=https%3A%2F%2Fregistry.npm.taobao.org%2Fregenerator-runtime%2Fdownload%2Fregenerator-runtime-0.11.1.tgz#be05ad7f9bf7d22e056f9726cee5017fbf19e2e9"
  integrity sha1-vgWtf5v30i4Fb5cmzuUBf78Z4uk=

regenerator-runtime@^0.13.4:
  version "0.13.5"
  resolved "https://registry.npm.taobao.org/regenerator-runtime/download/regenerator-runtime-0.13.5.tgz?cache=0&sync_timestamp=1584052481783&other_urls=https%3A%2F%2Fregistry.npm.taobao.org%2Fregenerator-runtime%2Fdownload%2Fregenerator-runtime-0.13.5.tgz#d878a1d094b4306d10b9096484b33ebd55e26697"
  integrity sha1-2Hih0JS0MG0QuQlkhLM+vVXiZpc=

resize-observer-polyfill@^1.5.0, resize-observer-polyfill@^1.5.1:
  version "1.5.1"
  resolved "https://registry.npm.taobao.org/resize-observer-polyfill/download/resize-observer-polyfill-1.5.1.tgz#0e9020dd3d21024458d4ebd27e23e40269810464"
  integrity sha1-DpAg3T0hAkRY1OvSfiPkAmmBBGQ=

scroll-into-view-if-needed@^2.2.20:
  version "2.2.24"
  resolved "https://registry.npm.taobao.org/scroll-into-view-if-needed/download/scroll-into-view-if-needed-2.2.24.tgz#12bca532990769bd509115a49edcfa755e92a0ea"
  integrity sha1-ErylMpkHab1QkRWkntz6dV6SoOo=
  dependencies:
    compute-scroll-into-view "^1.0.13"

shallowequal@^1.0.2, shallowequal@^1.1.0:
  version "1.1.0"
  resolved "https://registry.npm.taobao.org/shallowequal/download/shallowequal-1.1.0.tgz#188d521de95b9087404fd4dcb68b13df0ae4e7f8"
  integrity sha1-GI1SHelbkIdAT9TctosT3wrk5/g=

string-convert@^0.2.0:
  version "0.2.1"
  resolved "https://registry.npm.taobao.org/string-convert/download/string-convert-0.2.1.tgz#6982cc3049fbb4cd85f8b24568b9d9bf39eeff97"
  integrity sha1-aYLMMEn7tM2F+LJFaLnZvznu/5c=

tinycolor2@^1.4.1:
  version "1.4.1"
  resolved "https://registry.npm.taobao.org/tinycolor2/download/tinycolor2-1.4.1.tgz#f4fad333447bc0b07d4dc8e9209d8f39a8ac77e8"
  integrity sha1-9PrTM0R7wLB9TcjpIJ2POaisd+g=

toggle-selection@^1.0.6:
  version "1.0.6"
  resolved "https://registry.npm.taobao.org/toggle-selection/download/toggle-selection-1.0.6.tgz#6e45b1263f2017fa0acc7d89d78b15b8bf77da32"
  integrity sha1-bkWxJj8gF/oKzH2J14sVuL932jI=

warning@^4.0.1, warning@^4.0.3, warning@~4.0.3:
  version "4.0.3"
  resolved "https://registry.npm.taobao.org/warning/download/warning-4.0.3.tgz#16e9e077eb8a86d6af7d64aa1e05fd85b4678ca3"
  integrity sha1-Fungd+uKhtavfWSqHgX9hbRnjKM=
  dependencies:
    loose-envify "^1.0.0"
