{
  "name": "FSM-mini-browser",
  "version": "1.0.0",
  "lockfileVersion": 1,
  "requires": true,
  "dependencies": {
    "abbrev": {
      "version": "1.1.1",
      "resolved": "https://registry.npm.taobao.org/abbrev/download/abbrev-1.1.1.tgz"
    },
    "ajv": {
      "version": "6.12.2",
      "resolved": "https://registry.npm.taobao.org/ajv/download/ajv-6.12.2.tgz?cache=0&sync_timestamp=1587339911109&other_urls=https%3A%2F%2Fregistry.npm.taobao.org%2Fajv%2Fdownload%2Fajv-6.12.2.tgz",
      "requires": {
        "fast-deep-equal": "^3.1.1",
        "fast-json-stable-stringify": "^2.0.0",
        "json-schema-traverse": "^0.4.1",
        "uri-js": "^4.2.2"
      },
      "dependencies": {
        "fast-deep-equal": {
          "version": "https://registry.npm.taobao.org/fast-deep-equal/download/fast-deep-equal-3.1.1.tgz?cache=0&sync_timestamp=1575383522243&other_urls=https%3A%2F%2Fregistry.npm.taobao.org%2Ffast-deep-equal%2Fdownload%2Ffast-deep-equal-3.1.1.tgz"
        },
        "fast-json-stable-stringify": {
          "version": "https://registry.npm.taobao.org/fast-json-stable-stringify/download/fast-json-stable-stringify-2.1.0.tgz?cache=0&other_urls=https%3A%2F%2Fregistry.npm.taobao.org%2Ffast-json-stable-stringify%2Fdownload%2Ffast-json-stable-stringify-2.1.0.tgz"
        },
        "json-schema-traverse": {
          "version": "https://registry.npm.taobao.org/json-schema-traverse/download/json-schema-traverse-0.4.1.tgz"
        },
        "uri-js": {
          "version": "https://registry.npm.taobao.org/uri-js/download/uri-js-4.2.2.tgz"
        }
      }
    },
    "ansi-regex": {
      "version": "3.0.0",
      "resolved": "https://registry.npm.taobao.org/ansi-regex/download/ansi-regex-3.0.0.tgz"
    },
    "aproba": {
      "version": "1.2.0",
      "resolved": "https://registry.npm.taobao.org/aproba/download/aproba-1.2.0.tgz"
    },
    "are-we-there-yet": {
      "version": "1.1.5",
      "resolved": "https://registry.npm.taobao.org/are-we-there-yet/download/are-we-there-yet-1.1.5.tgz",
      "requires": {
        "delegates": "^1.0.0",
        "readable-stream": "^2.0.6"
      },
      "dependencies": {
        "delegates": {
          "version": "https://registry.npm.taobao.org/delegates/download/delegates-1.0.0.tgz"
        },
        "readable-stream": {
          "version": "https://registry.npm.taobao.org/readable-stream/download/readable-stream-2.3.7.tgz"
        }
      }
    },
    "asn1": {
      "version": "0.2.4",
      "resolved": "https://registry.npm.taobao.org/asn1/download/asn1-0.2.4.tgz",
      "requires": {
        "safer-buffer": "~2.1.0"
      },
      "dependencies": {
        "safer-buffer": {
          "version": "https://registry.npm.taobao.org/safer-buffer/download/safer-buffer-2.1.2.tgz"
        }
      }
    },
    "assert-plus": {
      "version": "1.0.0",
      "resolved": "https://registry.npm.taobao.org/assert-plus/download/assert-plus-1.0.0.tgz"
    },
    "asynckit": {
      "version": "0.4.0",
      "resolved": "https://registry.npm.taobao.org/asynckit/download/asynckit-0.4.0.tgz"
    },
    "aws-sign2": {
      "version": "0.7.0",
      "resolved": "https://registry.npm.taobao.org/aws-sign2/download/aws-sign2-0.7.0.tgz"
    },
    "aws4": {
      "version": "1.10.0",
      "resolved": "https://registry.npm.taobao.org/aws4/download/aws4-1.10.0.tgz"
    },
    "balanced-match": {
      "version": "1.0.0",
      "resolved": "https://registry.npm.taobao.org/balanced-match/download/balanced-match-1.0.0.tgz"
    },
    "bcrypt-pbkdf": {
      "version": "1.0.2",
      "resolved": "https://registry.npm.taobao.org/bcrypt-pbkdf/download/bcrypt-pbkdf-1.0.2.tgz",
      "requires": {
        "tweetnacl": "^0.14.3"
      },
      "dependencies": {
        "tweetnacl": {
          "version": "https://registry.npm.taobao.org/tweetnacl/download/tweetnacl-0.14.5.tgz?cache=0&sync_timestamp=1581364353187&other_urls=https%3A%2F%2Fregistry.npm.taobao.org%2Ftweetnacl%2Fdownload%2Ftweetnacl-0.14.5.tgz"
        }
      }
    },
    "block-stream": {
      "version": "0.0.9",
      "resolved": "https://registry.npm.taobao.org/block-stream/download/block-stream-0.0.9.tgz",
      "requires": {
        "inherits": "~2.0.0"
      },
      "dependencies": {
        "inherits": {
          "version": "https://registry.npm.taobao.org/inherits/download/inherits-2.0.4.tgz"
        }
      }
    },
    "brace-expansion": {
      "version": "1.1.11",
      "resolved": "https://registry.npm.taobao.org/brace-expansion/download/brace-expansion-1.1.11.tgz",
      "requires": {
        "balanced-match": "^1.0.0",
        "concat-map": "0.0.1"
      },
      "dependencies": {
        "balanced-match": {
          "version": "https://registry.npm.taobao.org/balanced-match/download/balanced-match-1.0.0.tgz"
        },
        "concat-map": {
          "version": "https://registry.npm.taobao.org/concat-map/download/concat-map-0.0.1.tgz"
        }
      }
    },
    "caseless": {
      "version": "0.12.0",
      "resolved": "https://registry.npm.taobao.org/caseless/download/caseless-0.12.0.tgz"
    },
    "code-point-at": {
      "version": "1.1.0",
      "resolved": "https://registry.npm.taobao.org/code-point-at/download/code-point-at-1.1.0.tgz"
    },
    "combined-stream": {
      "version": "1.0.8",
      "resolved": "https://registry.npm.taobao.org/combined-stream/download/combined-stream-1.0.8.tgz",
      "requires": {
        "delayed-stream": "~1.0.0"
      },
      "dependencies": {
        "delayed-stream": {
          "version": "https://registry.npm.taobao.org/delayed-stream/download/delayed-stream-1.0.0.tgz"
        }
      }
    },
    "concat-map": {
      "version": "0.0.1",
      "resolved": "https://registry.npm.taobao.org/concat-map/download/concat-map-0.0.1.tgz"
    },
    "console-control-strings": {
      "version": "1.1.0",
      "resolved": "https://registry.npm.taobao.org/console-control-strings/download/console-control-strings-1.1.0.tgz"
    },
    "core-util-is": {
      "version": "1.0.2",
      "resolved": "https://registry.npm.taobao.org/core-util-is/download/core-util-is-1.0.2.tgz"
    },
    "dashdash": {
      "version": "1.14.1",
      "resolved": "https://registry.npm.taobao.org/dashdash/download/dashdash-1.14.1.tgz",
      "requires": {
        "assert-plus": "^1.0.0"
      },
      "dependencies": {
        "assert-plus": {
          "version": "https://registry.npm.taobao.org/assert-plus/download/assert-plus-1.0.0.tgz"
        }
      }
    },
    "delayed-stream": {
      "version": "1.0.0",
      "resolved": "https://registry.npm.taobao.org/delayed-stream/download/delayed-stream-1.0.0.tgz"
    },
    "delegates": {
      "version": "1.0.0",
      "resolved": "https://registry.npm.taobao.org/delegates/download/delegates-1.0.0.tgz"
    },
    "ecc-jsbn": {
      "version": "0.1.2",
      "resolved": "https://registry.npm.taobao.org/ecc-jsbn/download/ecc-jsbn-0.1.2.tgz",
      "requires": {
        "jsbn": "~0.1.0",
        "safer-buffer": "^2.1.0"
      },
      "dependencies": {
        "jsbn": {
          "version": "https://registry.npm.taobao.org/jsbn/download/jsbn-0.1.1.tgz"
        },
        "safer-buffer": {
          "version": "https://registry.npm.taobao.org/safer-buffer/download/safer-buffer-2.1.2.tgz"
        }
      }
    },
    "extend": {
      "version": "3.0.2",
      "resolved": "https://registry.npm.taobao.org/extend/download/extend-3.0.2.tgz"
    },
    "extsprintf": {
      "version": "1.4.0",
      "resolved": "https://registry.npm.taobao.org/extsprintf/download/extsprintf-1.4.0.tgz"
    },
    "fast-deep-equal": {
      "version": "3.1.1",
      "resolved": "https://registry.npm.taobao.org/fast-deep-equal/download/fast-deep-equal-3.1.1.tgz?cache=0&sync_timestamp=1575383522243&other_urls=https%3A%2F%2Fregistry.npm.taobao.org%2Ffast-deep-equal%2Fdownload%2Ffast-deep-equal-3.1.1.tgz"
    },
    "fast-json-stable-stringify": {
      "version": "2.1.0",
      "resolved": "https://registry.npm.taobao.org/fast-json-stable-stringify/download/fast-json-stable-stringify-2.1.0.tgz?cache=0&other_urls=https%3A%2F%2Fregistry.npm.taobao.org%2Ffast-json-stable-stringify%2Fdownload%2Ffast-json-stable-stringify-2.1.0.tgz"
    },
    "forever-agent": {
      "version": "0.6.1",
      "resolved": "https://registry.npm.taobao.org/forever-agent/download/forever-agent-0.6.1.tgz"
    },
    "form-data": {
      "version": "2.3.3",
      "resolved": "https://registry.npm.taobao.org/form-data/download/form-data-2.3.3.tgz",
      "requires": {
        "asynckit": "^0.4.0",
        "combined-stream": "^1.0.6",
        "mime-types": "^2.1.12"
      },
      "dependencies": {
        "asynckit": {
          "version": "https://registry.npm.taobao.org/asynckit/download/asynckit-0.4.0.tgz"
        },
        "combined-stream": {
          "version": "https://registry.npm.taobao.org/combined-stream/download/combined-stream-1.0.8.tgz",
          "dependencies": {
            "delayed-stream": {
              "version": "https://registry.npm.taobao.org/delayed-stream/download/delayed-stream-1.0.0.tgz"
            }
          }
        },
        "mime-types": {
          "version": "https://registry.npm.taobao.org/mime-types/download/mime-types-2.1.27.tgz"
        }
      }
    },
    "fs.realpath": {
      "version": "1.0.0",
      "resolved": "https://registry.npm.taobao.org/fs.realpath/download/fs.realpath-1.0.0.tgz"
    },
    "fstream": {
      "version": "1.0.12",
      "resolved": "https://registry.npm.taobao.org/fstream/download/fstream-1.0.12.tgz",
      "requires": {
        "graceful-fs": "^4.1.2",
        "inherits": "~2.0.0",
        "mkdirp": ">=0.5 0",
        "rimraf": "2"
      },
      "dependencies": {
        "graceful-fs": {
          "version": "https://registry.npm.taobao.org/graceful-fs/download/graceful-fs-4.2.4.tgz"
        },
        "inherits": {
          "version": "https://registry.npm.taobao.org/inherits/download/inherits-2.0.4.tgz"
        },
        "mkdirp": {
          "version": "https://registry.npm.taobao.org/mkdirp/download/mkdirp-0.5.5.tgz?cache=0&sync_timestamp=1587535418745&other_urls=https%3A%2F%2Fregistry.npm.taobao.org%2Fmkdirp%2Fdownload%2Fmkdirp-0.5.5.tgz",
          "dependencies": {
            "minimist": {
              "version": "https://registry.npm.taobao.org/minimist/download/minimist-1.2.5.tgz"
            }
          }
        },
        "rimraf": {
          "version": "https://registry.npm.taobao.org/rimraf/download/rimraf-2.7.1.tgz"
        }
      }
    },
    "gauge": {
      "version": "2.7.4",
      "resolved": "https://registry.npm.taobao.org/gauge/download/gauge-2.7.4.tgz",
      "requires": {
        "aproba": "^1.0.3",
        "console-control-strings": "^1.0.0",
        "has-unicode": "^2.0.0",
        "object-assign": "^4.1.0",
        "signal-exit": "^3.0.0",
        "string-width": "^1.0.1",
        "strip-ansi": "^3.0.1",
        "wide-align": "^1.1.0"
      },
      "dependencies": {
        "ansi-regex": {
          "version": "2.1.1",
          "resolved": "https://registry.npm.taobao.org/ansi-regex/download/ansi-regex-2.1.1.tgz?cache=0&sync_timestamp=1570188570027&other_urls=https%3A%2F%2Fregistry.npm.taobao.org%2Fansi-regex%2Fdownload%2Fansi-regex-2.1.1.tgz",
          "integrity": "sha1-w7M6te42DYbg5ijwRorn7yfWVN8="
        },
        "aproba": {
          "version": "https://registry.npm.taobao.org/aproba/download/aproba-1.2.0.tgz"
        },
        "console-control-strings": {
          "version": "https://registry.npm.taobao.org/console-control-strings/download/console-control-strings-1.1.0.tgz"
        },
        "has-unicode": {
          "version": "https://registry.npm.taobao.org/has-unicode/download/has-unicode-2.0.1.tgz"
        },
        "is-fullwidth-code-point": {
          "version": "1.0.0",
          "resolved": "https://registry.npm.taobao.org/is-fullwidth-code-point/download/is-fullwidth-code-point-1.0.0.tgz",
          "integrity": "sha1-754xOG8DGn8NZDr4L95QxFfvAMs=",
          "requires": {
            "number-is-nan": "^1.0.0"
          }
        },
        "object-assign": {
          "version": "https://registry.npm.taobao.org/object-assign/download/object-assign-4.1.1.tgz?cache=0&sync_timestamp=1571657171505&other_urls=https%3A%2F%2Fregistry.npm.taobao.org%2Fobject-assign%2Fdownload%2Fobject-assign-4.1.1.tgz"
        },
        "signal-exit": {
          "version": "https://registry.npm.taobao.org/signal-exit/download/signal-exit-3.0.3.tgz"
        },
        "string-width": {
          "version": "1.0.2",
          "resolved": "https://registry.npm.taobao.org/string-width/download/string-width-1.0.2.tgz?cache=0&other_urls=https%3A%2F%2Fregistry.npm.taobao.org%2Fstring-width%2Fdownload%2Fstring-width-1.0.2.tgz",
          "integrity": "sha1-EYvfW4zcUaKn5w0hHgfisLmxB9M=",
          "requires": {
            "code-point-at": "^1.0.0",
            "is-fullwidth-code-point": "^1.0.0",
            "strip-ansi": "^3.0.0"
          }
        },
        "strip-ansi": {
          "version": "3.0.1",
          "resolved": "https://registry.npm.taobao.org/strip-ansi/download/strip-ansi-3.0.1.tgz?cache=0&sync_timestamp=1573280518303&other_urls=https%3A%2F%2Fregistry.npm.taobao.org%2Fstrip-ansi%2Fdownload%2Fstrip-ansi-3.0.1.tgz",
          "integrity": "sha1-ajhfuIU9lS1f8F0Oiq+UJ43GPc8=",
          "requires": {
            "ansi-regex": "^2.0.0"
          }
        },
        "wide-align": {
          "version": "https://registry.npm.taobao.org/wide-align/download/wide-align-1.1.3.tgz"
        }
      }
    },
    "getpass": {
      "version": "0.1.7",
      "resolved": "https://registry.npm.taobao.org/getpass/download/getpass-0.1.7.tgz",
      "requires": {
        "assert-plus": "^1.0.0"
      },
      "dependencies": {
        "assert-plus": {
          "version": "https://registry.npm.taobao.org/assert-plus/download/assert-plus-1.0.0.tgz"
        }
      }
    },
    "glob": {
      "version": "7.1.6",
      "resolved": "https://registry.npm.taobao.org/glob/download/glob-7.1.6.tgz?cache=0&sync_timestamp=1573079113127&other_urls=https%3A%2F%2Fregistry.npm.taobao.org%2Fglob%2Fdownload%2Fglob-7.1.6.tgz",
      "requires": {
        "fs.realpath": "^1.0.0",
        "inflight": "^1.0.4",
        "inherits": "2",
        "minimatch": "^3.0.4",
        "once": "^1.3.0",
        "path-is-absolute": "^1.0.0"
      },
      "dependencies": {
        "fs.realpath": {
          "version": "https://registry.npm.taobao.org/fs.realpath/download/fs.realpath-1.0.0.tgz"
        },
        "inflight": {
          "version": "https://registry.npm.taobao.org/inflight/download/inflight-1.0.6.tgz"
        },
        "inherits": {
          "version": "https://registry.npm.taobao.org/inherits/download/inherits-2.0.4.tgz"
        },
        "minimatch": {
          "version": "https://registry.npm.taobao.org/minimatch/download/minimatch-3.0.4.tgz"
        },
        "once": {
          "version": "https://registry.npm.taobao.org/once/download/once-1.4.0.tgz",
          "dependencies": {
            "wrappy": {
              "version": "https://registry.npm.taobao.org/wrappy/download/wrappy-1.0.2.tgz"
            }
          }
        },
        "path-is-absolute": {
          "version": "https://registry.npm.taobao.org/path-is-absolute/download/path-is-absolute-1.0.1.tgz"
        }
      }
    },
    "graceful-fs": {
      "version": "4.2.4",
      "resolved": "https://registry.npm.taobao.org/graceful-fs/download/graceful-fs-4.2.4.tgz"
    },
    "har-schema": {
      "version": "2.0.0",
      "resolved": "https://registry.npm.taobao.org/har-schema/download/har-schema-2.0.0.tgz"
    },
    "har-validator": {
      "version": "5.1.3",
      "resolved": "https://registry.npm.taobao.org/har-validator/download/har-validator-5.1.3.tgz",
      "requires": {
        "ajv": "^6.5.5",
        "har-schema": "^2.0.0"
      },
      "dependencies": {
        "ajv": {
          "version": "https://registry.npm.taobao.org/ajv/download/ajv-6.12.2.tgz?cache=0&sync_timestamp=1587339911109&other_urls=https%3A%2F%2Fregistry.npm.taobao.org%2Fajv%2Fdownload%2Fajv-6.12.2.tgz",
          "dependencies": {
            "fast-deep-equal": {
              "version": "https://registry.npm.taobao.org/fast-deep-equal/download/fast-deep-equal-3.1.1.tgz?cache=0&sync_timestamp=1575383522243&other_urls=https%3A%2F%2Fregistry.npm.taobao.org%2Ffast-deep-equal%2Fdownload%2Ffast-deep-equal-3.1.1.tgz"
            },
            "fast-json-stable-stringify": {
              "version": "https://registry.npm.taobao.org/fast-json-stable-stringify/download/fast-json-stable-stringify-2.1.0.tgz?cache=0&other_urls=https%3A%2F%2Fregistry.npm.taobao.org%2Ffast-json-stable-stringify%2Fdownload%2Ffast-json-stable-stringify-2.1.0.tgz"
            },
            "json-schema-traverse": {
              "version": "https://registry.npm.taobao.org/json-schema-traverse/download/json-schema-traverse-0.4.1.tgz"
            },
            "uri-js": {
              "version": "https://registry.npm.taobao.org/uri-js/download/uri-js-4.2.2.tgz"
            }
          }
        },
        "har-schema": {
          "version": "https://registry.npm.taobao.org/har-schema/download/har-schema-2.0.0.tgz"
        }
      }
    },
    "has-unicode": {
      "version": "2.0.1",
      "resolved": "https://registry.npm.taobao.org/has-unicode/download/has-unicode-2.0.1.tgz"
    },
    "http-signature": {
      "version": "1.2.0",
      "resolved": "https://registry.npm.taobao.org/http-signature/download/http-signature-1.2.0.tgz",
      "requires": {
        "assert-plus": "^1.0.0",
        "jsprim": "^1.2.2",
        "sshpk": "^1.7.0"
      },
      "dependencies": {
        "assert-plus": {
          "version": "https://registry.npm.taobao.org/assert-plus/download/assert-plus-1.0.0.tgz"
        },
        "jsprim": {
          "version": "https://registry.npm.taobao.org/jsprim/download/jsprim-1.4.1.tgz"
        },
        "sshpk": {
          "version": "https://registry.npm.taobao.org/sshpk/download/sshpk-1.16.1.tgz"
        }
      }
    },
    "images": {
      "version": "3.0.2",
      "resolved": "https://registry.npm.taobao.org/images/download/images-3.0.2.tgz",
      "integrity": "sha1-QMk/AkAmJQyykZ8xkkoWZjN6VEo=",
      "requires": {
        "mkdirp": "^0.5.1",
        "nan": "^2.3.2",
        "node-gyp": "^3.3.1",
        "npmlog": "^4.0.0",
        "request": "^2.79.0"
      }
    },
    "inflight": {
      "version": "1.0.6",
      "resolved": "https://registry.npm.taobao.org/inflight/download/inflight-1.0.6.tgz",
      "requires": {
        "once": "^1.3.0",
        "wrappy": "1"
      },
      "dependencies": {
        "once": {
          "version": "https://registry.npm.taobao.org/once/download/once-1.4.0.tgz"
        },
        "wrappy": {
          "version": "https://registry.npm.taobao.org/wrappy/download/wrappy-1.0.2.tgz"
        }
      }
    },
    "inherits": {
      "version": "2.0.4",
      "resolved": "https://registry.npm.taobao.org/inherits/download/inherits-2.0.4.tgz"
    },
    "is-fullwidth-code-point": {
      "version": "2.0.0",
      "resolved": "https://registry.npm.taobao.org/is-fullwidth-code-point/download/is-fullwidth-code-point-2.0.0.tgz"
    },
    "is-typedarray": {
      "version": "1.0.0",
      "resolved": "https://registry.npm.taobao.org/is-typedarray/download/is-typedarray-1.0.0.tgz"
    },
    "isarray": {
      "version": "1.0.0",
      "resolved": "https://registry.npm.taobao.org/isarray/download/isarray-1.0.0.tgz"
    },
    "isexe": {
      "version": "2.0.0",
      "resolved": "https://registry.npm.taobao.org/isexe/download/isexe-2.0.0.tgz"
    },
    "isstream": {
      "version": "0.1.2",
      "resolved": "https://registry.npm.taobao.org/isstream/download/isstream-0.1.2.tgz"
    },
    "jsbn": {
      "version": "0.1.1",
      "resolved": "https://registry.npm.taobao.org/jsbn/download/jsbn-0.1.1.tgz"
    },
    "json-schema": {
      "version": "0.2.3",
      "resolved": "https://registry.npm.taobao.org/json-schema/download/json-schema-0.2.3.tgz"
    },
    "json-schema-traverse": {
      "version": "0.4.1",
      "resolved": "https://registry.npm.taobao.org/json-schema-traverse/download/json-schema-traverse-0.4.1.tgz"
    },
    "json-stringify-safe": {
      "version": "5.0.1",
      "resolved": "https://registry.npm.taobao.org/json-stringify-safe/download/json-stringify-safe-5.0.1.tgz"
    },
    "jsprim": {
      "version": "1.4.1",
      "resolved": "https://registry.npm.taobao.org/jsprim/download/jsprim-1.4.1.tgz",
      "requires": {
        "assert-plus": "1.0.0",
        "extsprintf": "1.3.0",
        "json-schema": "0.2.3",
        "verror": "1.10.0"
      },
      "dependencies": {
        "assert-plus": {
          "version": "https://registry.npm.taobao.org/assert-plus/download/assert-plus-1.0.0.tgz"
        },
        "extsprintf": {
          "version": "1.3.0",
          "resolved": "https://registry.npm.taobao.org/extsprintf/download/extsprintf-1.3.0.tgz",
          "integrity": "sha1-lpGEQOMEGnpBT4xS48V06zw+HgU="
        },
        "json-schema": {
          "version": "https://registry.npm.taobao.org/json-schema/download/json-schema-0.2.3.tgz"
        },
        "verror": {
          "version": "https://registry.npm.taobao.org/verror/download/verror-1.10.0.tgz"
        }
      }
    },
    "mime-db": {
      "version": "1.44.0",
      "resolved": "https://registry.npm.taobao.org/mime-db/download/mime-db-1.44.0.tgz"
    },
    "mime-types": {
      "version": "2.1.27",
      "resolved": "https://registry.npm.taobao.org/mime-types/download/mime-types-2.1.27.tgz",
      "requires": {
        "mime-db": "1.44.0"
      },
      "dependencies": {
        "mime-db": {
          "version": "https://registry.npm.taobao.org/mime-db/download/mime-db-1.44.0.tgz"
        }
      }
    },
    "minimatch": {
      "version": "3.0.4",
      "resolved": "https://registry.npm.taobao.org/minimatch/download/minimatch-3.0.4.tgz",
      "requires": {
        "brace-expansion": "^1.1.7"
      },
      "dependencies": {
        "brace-expansion": {
          "version": "https://registry.npm.taobao.org/brace-expansion/download/brace-expansion-1.1.11.tgz"
        }
      }
    },
    "minimist": {
      "version": "1.2.5",
      "resolved": "https://registry.npm.taobao.org/minimist/download/minimist-1.2.5.tgz"
    },
    "mkdirp": {
      "version": "0.5.5",
      "resolved": "https://registry.npm.taobao.org/mkdirp/download/mkdirp-0.5.5.tgz?cache=0&sync_timestamp=1587535418745&other_urls=https%3A%2F%2Fregistry.npm.taobao.org%2Fmkdirp%2Fdownload%2Fmkdirp-0.5.5.tgz",
      "requires": {
        "minimist": "^1.2.5"
      },
      "dependencies": {
        "minimist": {
          "version": "https://registry.npm.taobao.org/minimist/download/minimist-1.2.5.tgz"
        }
      }
    },
    "nan": {
      "version": "2.14.1",
      "resolved": "https://registry.npm.taobao.org/nan/download/nan-2.14.1.tgz?cache=0&sync_timestamp=1587495903076&other_urls=https%3A%2F%2Fregistry.npm.taobao.org%2Fnan%2Fdownload%2Fnan-2.14.1.tgz"
    },
    "node-gyp": {
      "version": "3.8.0",
      "resolved": "https://registry.npm.taobao.org/node-gyp/download/node-gyp-3.8.0.tgz",
      "requires": {
        "fstream": "^1.0.0",
        "glob": "^7.0.3",
        "graceful-fs": "^4.1.2",
        "mkdirp": "^0.5.0",
        "nopt": "2 || 3",
        "npmlog": "0 || 1 || 2 || 3 || 4",
        "osenv": "0",
        "request": "^2.87.0",
        "rimraf": "2",
        "semver": "~5.3.0",
        "tar": "^2.0.0",
        "which": "1"
      },
      "dependencies": {
        "fstream": {
          "version": "https://registry.npm.taobao.org/fstream/download/fstream-1.0.12.tgz",
          "dependencies": {
            "graceful-fs": {
              "version": "https://registry.npm.taobao.org/graceful-fs/download/graceful-fs-4.2.4.tgz"
            },
            "inherits": {
              "version": "https://registry.npm.taobao.org/inherits/download/inherits-2.0.4.tgz"
            },
            "mkdirp": {
              "version": "https://registry.npm.taobao.org/mkdirp/download/mkdirp-0.5.5.tgz?cache=0&sync_timestamp=1587535418745&other_urls=https%3A%2F%2Fregistry.npm.taobao.org%2Fmkdirp%2Fdownload%2Fmkdirp-0.5.5.tgz",
              "dependencies": {}
            },
            "rimraf": {
              "version": "https://registry.npm.taobao.org/rimraf/download/rimraf-2.7.1.tgz"
            }
          }
        },
        "glob": {
          "version": "https://registry.npm.taobao.org/glob/download/glob-7.1.6.tgz?cache=0&sync_timestamp=1573079113127&other_urls=https%3A%2F%2Fregistry.npm.taobao.org%2Fglob%2Fdownload%2Fglob-7.1.6.tgz",
          "dependencies": {
            "fs.realpath": {
              "version": "https://registry.npm.taobao.org/fs.realpath/download/fs.realpath-1.0.0.tgz"
            },
            "inflight": {
              "version": "https://registry.npm.taobao.org/inflight/download/inflight-1.0.6.tgz"
            },
            "inherits": {
              "version": "https://registry.npm.taobao.org/inherits/download/inherits-2.0.4.tgz"
            },
            "minimatch": {
              "version": "https://registry.npm.taobao.org/minimatch/download/minimatch-3.0.4.tgz"
            },
            "once": {
              "version": "https://registry.npm.taobao.org/once/download/once-1.4.0.tgz",
              "dependencies": {}
            },
            "path-is-absolute": {
              "version": "https://registry.npm.taobao.org/path-is-absolute/download/path-is-absolute-1.0.1.tgz"
            }
          }
        },
        "graceful-fs": {
          "version": "https://registry.npm.taobao.org/graceful-fs/download/graceful-fs-4.2.4.tgz"
        },
        "mkdirp": {
          "version": "https://registry.npm.taobao.org/mkdirp/download/mkdirp-0.5.5.tgz?cache=0&sync_timestamp=1587535418745&other_urls=https%3A%2F%2Fregistry.npm.taobao.org%2Fmkdirp%2Fdownload%2Fmkdirp-0.5.5.tgz",
          "dependencies": {
            "minimist": {
              "version": "https://registry.npm.taobao.org/minimist/download/minimist-1.2.5.tgz"
            }
          }
        },
        "nopt": {
          "version": "https://registry.npm.taobao.org/nopt/download/nopt-3.0.6.tgz?cache=0&sync_timestamp=1583704499810&other_urls=https%3A%2F%2Fregistry.npm.taobao.org%2Fnopt%2Fdownload%2Fnopt-3.0.6.tgz"
        },
        "npmlog": {
          "version": "https://registry.npm.taobao.org/npmlog/download/npmlog-4.1.2.tgz"
        },
        "osenv": {
          "version": "https://registry.npm.taobao.org/osenv/download/osenv-0.1.5.tgz"
        },
        "request": {
          "version": "https://registry.npm.taobao.org/request/download/request-2.88.2.tgz?cache=0&sync_timestamp=1581439045734&other_urls=https%3A%2F%2Fregistry.npm.taobao.org%2Frequest%2Fdownload%2Frequest-2.88.2.tgz"
        },
        "rimraf": {
          "version": "https://registry.npm.taobao.org/rimraf/download/rimraf-2.7.1.tgz",
          "dependencies": {
            "glob": {
              "version": "https://registry.npm.taobao.org/glob/download/glob-7.1.6.tgz?cache=0&sync_timestamp=1573079113127&other_urls=https%3A%2F%2Fregistry.npm.taobao.org%2Fglob%2Fdownload%2Fglob-7.1.6.tgz"
            }
          }
        },
        "semver": {
          "version": "https://registry.npm.taobao.org/semver/download/semver-5.3.0.tgz?cache=0&sync_timestamp=1586886301819&other_urls=https%3A%2F%2Fregistry.npm.taobao.org%2Fsemver%2Fdownload%2Fsemver-5.3.0.tgz"
        },
        "tar": {
          "version": "https://registry.npm.taobao.org/tar/download/tar-2.2.2.tgz"
        },
        "which": {
          "version": "https://registry.npm.taobao.org/which/download/which-1.3.1.tgz"
        }
      }
    },
    "nopt": {
      "version": "3.0.6",
      "resolved": "https://registry.npm.taobao.org/nopt/download/nopt-3.0.6.tgz?cache=0&sync_timestamp=1583704499810&other_urls=https%3A%2F%2Fregistry.npm.taobao.org%2Fnopt%2Fdownload%2Fnopt-3.0.6.tgz",
      "requires": {
        "abbrev": "1"
      },
      "dependencies": {
        "abbrev": {
          "version": "https://registry.npm.taobao.org/abbrev/download/abbrev-1.1.1.tgz"
        }
      }
    },
    "npmlog": {
      "version": "4.1.2",
      "resolved": "https://registry.npm.taobao.org/npmlog/download/npmlog-4.1.2.tgz",
      "requires": {
        "are-we-there-yet": "~1.1.2",
        "console-control-strings": "~1.1.0",
        "gauge": "~2.7.3",
        "set-blocking": "~2.0.0"
      },
      "dependencies": {
        "are-we-there-yet": {
          "version": "https://registry.npm.taobao.org/are-we-there-yet/download/are-we-there-yet-1.1.5.tgz"
        },
        "console-control-strings": {
          "version": "https://registry.npm.taobao.org/console-control-strings/download/console-control-strings-1.1.0.tgz"
        },
        "gauge": {
          "version": "https://registry.npm.taobao.org/gauge/download/gauge-2.7.4.tgz"
        },
        "set-blocking": {
          "version": "https://registry.npm.taobao.org/set-blocking/download/set-blocking-2.0.0.tgz"
        }
      }
    },
    "number-is-nan": {
      "version": "1.0.1",
      "resolved": "https://registry.npm.taobao.org/number-is-nan/download/number-is-nan-1.0.1.tgz"
    },
    "oauth-sign": {
      "version": "0.9.0",
      "resolved": "https://registry.npm.taobao.org/oauth-sign/download/oauth-sign-0.9.0.tgz"
    },
    "object-assign": {
      "version": "4.1.1",
      "resolved": "https://registry.npm.taobao.org/object-assign/download/object-assign-4.1.1.tgz?cache=0&sync_timestamp=1571657171505&other_urls=https%3A%2F%2Fregistry.npm.taobao.org%2Fobject-assign%2Fdownload%2Fobject-assign-4.1.1.tgz"
    },
    "once": {
      "version": "1.4.0",
      "resolved": "https://registry.npm.taobao.org/once/download/once-1.4.0.tgz",
      "requires": {
        "wrappy": "1"
      },
      "dependencies": {
        "wrappy": {
          "version": "https://registry.npm.taobao.org/wrappy/download/wrappy-1.0.2.tgz"
        }
      }
    },
    "os-homedir": {
      "version": "1.0.2",
      "resolved": "https://registry.npm.taobao.org/os-homedir/download/os-homedir-1.0.2.tgz"
    },
    "os-tmpdir": {
      "version": "1.0.2",
      "resolved": "https://registry.npm.taobao.org/os-tmpdir/download/os-tmpdir-1.0.2.tgz"
    },
    "osenv": {
      "version": "0.1.5",
      "resolved": "https://registry.npm.taobao.org/osenv/download/osenv-0.1.5.tgz",
      "requires": {
        "os-homedir": "^1.0.0",
        "os-tmpdir": "^1.0.0"
      },
      "dependencies": {
        "os-homedir": {
          "version": "https://registry.npm.taobao.org/os-homedir/download/os-homedir-1.0.2.tgz"
        },
        "os-tmpdir": {
          "version": "https://registry.npm.taobao.org/os-tmpdir/download/os-tmpdir-1.0.2.tgz"
        }
      }
    },
    "path-is-absolute": {
      "version": "1.0.1",
      "resolved": "https://registry.npm.taobao.org/path-is-absolute/download/path-is-absolute-1.0.1.tgz"
    },
    "performance-now": {
      "version": "2.1.0",
      "resolved": "https://registry.npm.taobao.org/performance-now/download/performance-now-2.1.0.tgz"
    },
    "process-nextick-args": {
      "version": "2.0.1",
      "resolved": "https://registry.npm.taobao.org/process-nextick-args/download/process-nextick-args-2.0.1.tgz"
    },
    "psl": {
      "version": "1.8.0",
      "resolved": "https://registry.npm.taobao.org/psl/download/psl-1.8.0.tgz?cache=0&sync_timestamp=1585143008124&other_urls=https%3A%2F%2Fregistry.npm.taobao.org%2Fpsl%2Fdownload%2Fpsl-1.8.0.tgz"
    },
    "punycode": {
      "version": "2.1.1",
      "resolved": "https://registry.npm.taobao.org/punycode/download/punycode-2.1.1.tgz"
    },
    "qs": {
      "version": "6.5.2",
      "resolved": "https://registry.npm.taobao.org/qs/download/qs-6.5.2.tgz?cache=0&sync_timestamp=1588542788766&other_urls=https%3A%2F%2Fregistry.npm.taobao.org%2Fqs%2Fdownload%2Fqs-6.5.2.tgz"
    },
    "readable-stream": {
      "version": "2.3.7",
      "resolved": "https://registry.npm.taobao.org/readable-stream/download/readable-stream-2.3.7.tgz",
      "requires": {
        "core-util-is": "~1.0.0",
        "inherits": "~2.0.3",
        "isarray": "~1.0.0",
        "process-nextick-args": "~2.0.0",
        "safe-buffer": "~5.1.1",
        "string_decoder": "~1.1.1",
        "util-deprecate": "~1.0.1"
      },
      "dependencies": {
        "core-util-is": {
          "version": "https://registry.npm.taobao.org/core-util-is/download/core-util-is-1.0.2.tgz"
        },
        "inherits": {
          "version": "https://registry.npm.taobao.org/inherits/download/inherits-2.0.4.tgz"
        },
        "isarray": {
          "version": "https://registry.npm.taobao.org/isarray/download/isarray-1.0.0.tgz"
        },
        "process-nextick-args": {
          "version": "https://registry.npm.taobao.org/process-nextick-args/download/process-nextick-args-2.0.1.tgz"
        },
        "safe-buffer": {
          "version": "5.1.2",
          "resolved": "https://registry.npm.taobao.org/safe-buffer/download/safe-buffer-5.1.2.tgz?cache=0&sync_timestamp=1589129103371&other_urls=https%3A%2F%2Fregistry.npm.taobao.org%2Fsafe-buffer%2Fdownload%2Fsafe-buffer-5.1.2.tgz",
          "integrity": "sha1-mR7GnSluAxN0fVm9/St0XDX4go0="
        },
        "string_decoder": {
          "version": "https://registry.npm.taobao.org/string_decoder/download/string_decoder-1.1.1.tgz"
        },
        "util-deprecate": {
          "version": "https://registry.npm.taobao.org/util-deprecate/download/util-deprecate-1.0.2.tgz"
        }
      }
    },
    "request": {
      "version": "2.88.2",
      "resolved": "https://registry.npm.taobao.org/request/download/request-2.88.2.tgz?cache=0&sync_timestamp=1581439045734&other_urls=https%3A%2F%2Fregistry.npm.taobao.org%2Frequest%2Fdownload%2Frequest-2.88.2.tgz",
      "requires": {
        "aws-sign2": "~0.7.0",
        "aws4": "^1.8.0",
        "caseless": "~0.12.0",
        "combined-stream": "~1.0.6",
        "extend": "~3.0.2",
        "forever-agent": "~0.6.1",
        "form-data": "~2.3.2",
        "har-validator": "~5.1.3",
        "http-signature": "~1.2.0",
        "is-typedarray": "~1.0.0",
        "isstream": "~0.1.2",
        "json-stringify-safe": "~5.0.1",
        "mime-types": "~2.1.19",
        "oauth-sign": "~0.9.0",
        "performance-now": "^2.1.0",
        "qs": "~6.5.2",
        "safe-buffer": "^5.1.2",
        "tough-cookie": "~2.5.0",
        "tunnel-agent": "^0.6.0",
        "uuid": "^3.3.2"
      },
      "dependencies": {
        "aws-sign2": {
          "version": "https://registry.npm.taobao.org/aws-sign2/download/aws-sign2-0.7.0.tgz"
        },
        "aws4": {
          "version": "https://registry.npm.taobao.org/aws4/download/aws4-1.10.0.tgz"
        },
        "caseless": {
          "version": "https://registry.npm.taobao.org/caseless/download/caseless-0.12.0.tgz"
        },
        "combined-stream": {
          "version": "https://registry.npm.taobao.org/combined-stream/download/combined-stream-1.0.8.tgz"
        },
        "extend": {
          "version": "https://registry.npm.taobao.org/extend/download/extend-3.0.2.tgz"
        },
        "forever-agent": {
          "version": "https://registry.npm.taobao.org/forever-agent/download/forever-agent-0.6.1.tgz"
        },
        "form-data": {
          "version": "https://registry.npm.taobao.org/form-data/download/form-data-2.3.3.tgz",
          "dependencies": {
            "asynckit": {
              "version": "https://registry.npm.taobao.org/asynckit/download/asynckit-0.4.0.tgz"
            },
            "combined-stream": {
              "version": "https://registry.npm.taobao.org/combined-stream/download/combined-stream-1.0.8.tgz",
              "dependencies": {}
            },
            "mime-types": {
              "version": "https://registry.npm.taobao.org/mime-types/download/mime-types-2.1.27.tgz"
            }
          }
        },
        "har-validator": {
          "version": "https://registry.npm.taobao.org/har-validator/download/har-validator-5.1.3.tgz",
          "dependencies": {
            "ajv": {
              "version": "https://registry.npm.taobao.org/ajv/download/ajv-6.12.2.tgz?cache=0&sync_timestamp=1587339911109&other_urls=https%3A%2F%2Fregistry.npm.taobao.org%2Fajv%2Fdownload%2Fajv-6.12.2.tgz",
              "dependencies": {}
            },
            "har-schema": {
              "version": "https://registry.npm.taobao.org/har-schema/download/har-schema-2.0.0.tgz"
            }
          }
        },
        "http-signature": {
          "version": "https://registry.npm.taobao.org/http-signature/download/http-signature-1.2.0.tgz"
        },
        "is-typedarray": {
          "version": "https://registry.npm.taobao.org/is-typedarray/download/is-typedarray-1.0.0.tgz"
        },
        "isstream": {
          "version": "https://registry.npm.taobao.org/isstream/download/isstream-0.1.2.tgz"
        },
        "json-stringify-safe": {
          "version": "https://registry.npm.taobao.org/json-stringify-safe/download/json-stringify-safe-5.0.1.tgz"
        },
        "mime-types": {
          "version": "https://registry.npm.taobao.org/mime-types/download/mime-types-2.1.27.tgz",
          "dependencies": {
            "mime-db": {
              "version": "https://registry.npm.taobao.org/mime-db/download/mime-db-1.44.0.tgz"
            }
          }
        },
        "oauth-sign": {
          "version": "https://registry.npm.taobao.org/oauth-sign/download/oauth-sign-0.9.0.tgz"
        },
        "performance-now": {
          "version": "https://registry.npm.taobao.org/performance-now/download/performance-now-2.1.0.tgz"
        },
        "qs": {
          "version": "https://registry.npm.taobao.org/qs/download/qs-6.5.2.tgz?cache=0&sync_timestamp=1588542788766&other_urls=https%3A%2F%2Fregistry.npm.taobao.org%2Fqs%2Fdownload%2Fqs-6.5.2.tgz"
        },
        "safe-buffer": {
          "version": "https://registry.npm.taobao.org/safe-buffer/download/safe-buffer-5.2.1.tgz"
        },
        "tough-cookie": {
          "version": "https://registry.npm.taobao.org/tough-cookie/download/tough-cookie-2.5.0.tgz"
        },
        "tunnel-agent": {
          "version": "https://registry.npm.taobao.org/tunnel-agent/download/tunnel-agent-0.6.0.tgz"
        },
        "uuid": {
          "version": "https://registry.npm.taobao.org/uuid/download/uuid-3.4.0.tgz?cache=0&other_urls=https%3A%2F%2Fregistry.npm.taobao.org%2Fuuid%2Fdownload%2Fuuid-3.4.0.tgz"
        }
      }
    },
    "rimraf": {
      "version": "2.7.1",
      "resolved": "https://registry.npm.taobao.org/rimraf/download/rimraf-2.7.1.tgz",
      "requires": {
        "glob": "^7.1.3"
      },
      "dependencies": {
        "glob": {
          "version": "https://registry.npm.taobao.org/glob/download/glob-7.1.6.tgz?cache=0&sync_timestamp=1573079113127&other_urls=https%3A%2F%2Fregistry.npm.taobao.org%2Fglob%2Fdownload%2Fglob-7.1.6.tgz"
        }
      }
    },
    "safe-buffer": {
      "version": "5.2.1",
      "resolved": "https://registry.npm.taobao.org/safe-buffer/download/safe-buffer-5.2.1.tgz"
    },
    "safer-buffer": {
      "version": "2.1.2",
      "resolved": "https://registry.npm.taobao.org/safer-buffer/download/safer-buffer-2.1.2.tgz"
    },
    "semver": {
      "version": "5.3.0",
      "resolved": "https://registry.npm.taobao.org/semver/download/semver-5.3.0.tgz?cache=0&sync_timestamp=1586886301819&other_urls=https%3A%2F%2Fregistry.npm.taobao.org%2Fsemver%2Fdownload%2Fsemver-5.3.0.tgz"
    },
    "set-blocking": {
      "version": "2.0.0",
      "resolved": "https://registry.npm.taobao.org/set-blocking/download/set-blocking-2.0.0.tgz"
    },
    "signal-exit": {
      "version": "3.0.3",
      "resolved": "https://registry.npm.taobao.org/signal-exit/download/signal-exit-3.0.3.tgz"
    },
    "sshpk": {
      "version": "1.16.1",
      "resolved": "https://registry.npm.taobao.org/sshpk/download/sshpk-1.16.1.tgz",
      "requires": {
        "asn1": "~0.2.3",
        "assert-plus": "^1.0.0",
        "bcrypt-pbkdf": "^1.0.0",
        "dashdash": "^1.12.0",
        "ecc-jsbn": "~0.1.1",
        "getpass": "^0.1.1",
        "jsbn": "~0.1.0",
        "safer-buffer": "^2.0.2",
        "tweetnacl": "~0.14.0"
      },
      "dependencies": {
        "asn1": {
          "version": "https://registry.npm.taobao.org/asn1/download/asn1-0.2.4.tgz"
        },
        "assert-plus": {
          "version": "https://registry.npm.taobao.org/assert-plus/download/assert-plus-1.0.0.tgz"
        },
        "bcrypt-pbkdf": {
          "version": "https://registry.npm.taobao.org/bcrypt-pbkdf/download/bcrypt-pbkdf-1.0.2.tgz"
        },
        "dashdash": {
          "version": "https://registry.npm.taobao.org/dashdash/download/dashdash-1.14.1.tgz"
        },
        "ecc-jsbn": {
          "version": "https://registry.npm.taobao.org/ecc-jsbn/download/ecc-jsbn-0.1.2.tgz"
        },
        "getpass": {
          "version": "https://registry.npm.taobao.org/getpass/download/getpass-0.1.7.tgz"
        },
        "jsbn": {
          "version": "https://registry.npm.taobao.org/jsbn/download/jsbn-0.1.1.tgz"
        },
        "safer-buffer": {
          "version": "https://registry.npm.taobao.org/safer-buffer/download/safer-buffer-2.1.2.tgz"
        },
        "tweetnacl": {
          "version": "https://registry.npm.taobao.org/tweetnacl/download/tweetnacl-0.14.5.tgz?cache=0&sync_timestamp=1581364353187&other_urls=https%3A%2F%2Fregistry.npm.taobao.org%2Ftweetnacl%2Fdownload%2Ftweetnacl-0.14.5.tgz"
        }
      }
    },
    "string-width": {
      "version": "2.1.1",
      "resolved": "https://registry.npm.taobao.org/string-width/download/string-width-2.1.1.tgz?cache=0&sync_timestamp=1573488523733&other_urls=https%3A%2F%2Fregistry.npm.taobao.org%2Fstring-width%2Fdownload%2Fstring-width-2.1.1.tgz",
      "requires": {
        "is-fullwidth-code-point": "^2.0.0",
        "strip-ansi": "^4.0.0"
      },
      "dependencies": {
        "is-fullwidth-code-point": {
          "version": "https://registry.npm.taobao.org/is-fullwidth-code-point/download/is-fullwidth-code-point-2.0.0.tgz"
        },
        "strip-ansi": {
          "version": "https://registry.npm.taobao.org/strip-ansi/download/strip-ansi-4.0.0.tgz?cache=0&sync_timestamp=1573280518303&other_urls=https%3A%2F%2Fregistry.npm.taobao.org%2Fstrip-ansi%2Fdownload%2Fstrip-ansi-4.0.0.tgz"
        }
      }
    },
    "string_decoder": {
      "version": "1.1.1",
      "resolved": "https://registry.npm.taobao.org/string_decoder/download/string_decoder-1.1.1.tgz",
      "requires": {
        "safe-buffer": "~5.1.0"
      },
      "dependencies": {
        "safe-buffer": {
          "version": "5.1.2",
          "resolved": "https://registry.npm.taobao.org/safe-buffer/download/safe-buffer-5.1.2.tgz?cache=0&sync_timestamp=1589129103371&other_urls=https%3A%2F%2Fregistry.npm.taobao.org%2Fsafe-buffer%2Fdownload%2Fsafe-buffer-5.1.2.tgz",
          "integrity": "sha1-mR7GnSluAxN0fVm9/St0XDX4go0="
        }
      }
    },
    "strip-ansi": {
      "version": "4.0.0",
      "resolved": "https://registry.npm.taobao.org/strip-ansi/download/strip-ansi-4.0.0.tgz?cache=0&sync_timestamp=1573280518303&other_urls=https%3A%2F%2Fregistry.npm.taobao.org%2Fstrip-ansi%2Fdownload%2Fstrip-ansi-4.0.0.tgz",
      "requires": {
        "ansi-regex": "^3.0.0"
      },
      "dependencies": {
        "ansi-regex": {
          "version": "https://registry.npm.taobao.org/ansi-regex/download/ansi-regex-3.0.0.tgz"
        }
      }
    },
    "tar": {
      "version": "2.2.2",
      "resolved": "https://registry.npm.taobao.org/tar/download/tar-2.2.2.tgz",
      "requires": {
        "block-stream": "*",
        "fstream": "^1.0.12",
        "inherits": "2"
      },
      "dependencies": {
        "block-stream": {
          "version": "https://registry.npm.taobao.org/block-stream/download/block-stream-0.0.9.tgz"
        },
        "fstream": {
          "version": "https://registry.npm.taobao.org/fstream/download/fstream-1.0.12.tgz",
          "dependencies": {
            "graceful-fs": {
              "version": "https://registry.npm.taobao.org/graceful-fs/download/graceful-fs-4.2.4.tgz"
            },
            "inherits": {
              "version": "https://registry.npm.taobao.org/inherits/download/inherits-2.0.4.tgz"
            },
            "mkdirp": {
              "version": "https://registry.npm.taobao.org/mkdirp/download/mkdirp-0.5.5.tgz?cache=0&sync_timestamp=1587535418745&other_urls=https%3A%2F%2Fregistry.npm.taobao.org%2Fmkdirp%2Fdownload%2Fmkdirp-0.5.5.tgz",
              "dependencies": {}
            },
            "rimraf": {
              "version": "https://registry.npm.taobao.org/rimraf/download/rimraf-2.7.1.tgz"
            }
          }
        },
        "inherits": {
          "version": "https://registry.npm.taobao.org/inherits/download/inherits-2.0.4.tgz"
        }
      }
    },
    "tough-cookie": {
      "version": "2.5.0",
      "resolved": "https://registry.npm.taobao.org/tough-cookie/download/tough-cookie-2.5.0.tgz",
      "requires": {
        "psl": "^1.1.28",
        "punycode": "^2.1.1"
      },
      "dependencies": {
        "psl": {
          "version": "https://registry.npm.taobao.org/psl/download/psl-1.8.0.tgz?cache=0&sync_timestamp=1585143008124&other_urls=https%3A%2F%2Fregistry.npm.taobao.org%2Fpsl%2Fdownload%2Fpsl-1.8.0.tgz"
        },
        "punycode": {
          "version": "https://registry.npm.taobao.org/punycode/download/punycode-2.1.1.tgz"
        }
      }
    },
    "tunnel-agent": {
      "version": "0.6.0",
      "resolved": "https://registry.npm.taobao.org/tunnel-agent/download/tunnel-agent-0.6.0.tgz",
      "requires": {
        "safe-buffer": "^5.0.1"
      },
      "dependencies": {
        "safe-buffer": {
          "version": "https://registry.npm.taobao.org/safe-buffer/download/safe-buffer-5.2.1.tgz"
        }
      }
    },
    "tweetnacl": {
      "version": "0.14.5",
      "resolved": "https://registry.npm.taobao.org/tweetnacl/download/tweetnacl-0.14.5.tgz?cache=0&sync_timestamp=1581364353187&other_urls=https%3A%2F%2Fregistry.npm.taobao.org%2Ftweetnacl%2Fdownload%2Ftweetnacl-0.14.5.tgz"
    },
    "uri-js": {
      "version": "4.2.2",
      "resolved": "https://registry.npm.taobao.org/uri-js/download/uri-js-4.2.2.tgz",
      "requires": {
        "punycode": "^2.1.0"
      },
      "dependencies": {
        "punycode": {
          "version": "https://registry.npm.taobao.org/punycode/download/punycode-2.1.1.tgz"
        }
      }
    },
    "util-deprecate": {
      "version": "1.0.2",
      "resolved": "https://registry.npm.taobao.org/util-deprecate/download/util-deprecate-1.0.2.tgz"
    },
    "uuid": {
      "version": "3.4.0",
      "resolved": "https://registry.npm.taobao.org/uuid/download/uuid-3.4.0.tgz?cache=0&other_urls=https%3A%2F%2Fregistry.npm.taobao.org%2Fuuid%2Fdownload%2Fuuid-3.4.0.tgz"
    },
    "verror": {
      "version": "1.10.0",
      "resolved": "https://registry.npm.taobao.org/verror/download/verror-1.10.0.tgz",
      "requires": {
        "assert-plus": "^1.0.0",
        "core-util-is": "1.0.2",
        "extsprintf": "^1.2.0"
      },
      "dependencies": {
        "assert-plus": {
          "version": "https://registry.npm.taobao.org/assert-plus/download/assert-plus-1.0.0.tgz"
        },
        "core-util-is": {
          "version": "https://registry.npm.taobao.org/core-util-is/download/core-util-is-1.0.2.tgz"
        },
        "extsprintf": {
          "version": "https://registry.npm.taobao.org/extsprintf/download/extsprintf-1.4.0.tgz"
        }
      }
    },
    "which": {
      "version": "1.3.1",
      "resolved": "https://registry.npm.taobao.org/which/download/which-1.3.1.tgz",
      "requires": {
        "isexe": "^2.0.0"
      },
      "dependencies": {
        "isexe": {
          "version": "https://registry.npm.taobao.org/isexe/download/isexe-2.0.0.tgz"
        }
      }
    },
    "wide-align": {
      "version": "1.1.3",
      "resolved": "https://registry.npm.taobao.org/wide-align/download/wide-align-1.1.3.tgz",
      "requires": {
        "string-width": "^1.0.2 || 2"
      },
      "dependencies": {
        "string-width": {
          "version": "https://registry.npm.taobao.org/string-width/download/string-width-2.1.1.tgz?cache=0&sync_timestamp=1573488523733&other_urls=https%3A%2F%2Fregistry.npm.taobao.org%2Fstring-width%2Fdownload%2Fstring-width-2.1.1.tgz"
        }
      }
    },
    "wrappy": {
      "version": "1.0.2",
      "resolved": "https://registry.npm.taobao.org/wrappy/download/wrappy-1.0.2.tgz"
    }
  }
}
